
Microsoft Visual Studio Solution File, Format Version 12.00
# Visual Studio 15
VisualStudioVersion = 15.0.27130.2024
MinimumVisualStudioVersion = 10.0.40219.1
Project("{FAE04EC0-301F-11D3-BF4B-00C04F79EFBC}") = "AlarmCast.Android", "AlarmCast\AlarmCast.Android\AlarmCast.Android.csproj", "{9DC8CF78-90FF-4DF6-B879-E47B1428244F}"
EndProject
Project("{FAE04EC0-301F-11D3-BF4B-00C04F79EFBC}") = "AlarmCast.iOS", "AlarmCast\AlarmCast.iOS\AlarmCast.iOS.csproj", "{FCE239B3-98C7-45B1-A584-BE3B2689F7C5}"
EndProject
Project("{FAE04EC0-301F-11D3-BF4B-00C04F79EFBC}") = "AlarmCast.UWP", "AlarmCast\AlarmCast.UWP\AlarmCast.UWP.csproj", "{331F1D9C-C0B2-42BF-B83E-A187561C0B2B}"
EndProject
Project("{D954291E-2A0B-460D-934E-DC6B0785DB48}") = "AlarmCast", "AlarmCast\AlarmCast\AlarmCast.shproj", "{16117B29-1D9B-4148-B466-6BC0CFA96371}"
EndProject
Global
	GlobalSection(SharedMSBuildProjectFiles) = preSolution
		AlarmCast\AlarmCast\AlarmCast.projitems*{16117b29-1d9b-4148-b466-6bc0cfa96371}*SharedItemsImports = 13
		AlarmCast\AlarmCast\AlarmCast.projitems*{331f1d9c-c0b2-42bf-b83e-a187561c0b2b}*SharedItemsImports = 4
		AlarmCast\AlarmCast\AlarmCast.projitems*{9dc8cf78-90ff-4df6-b879-e47b1428244f}*SharedItemsImports = 4
		AlarmCast\AlarmCast\AlarmCast.projitems*{fce239b3-98c7-45b1-a584-be3b2689f7c5}*SharedItemsImports = 4
	EndGlobalSection
	GlobalSection(SolutionConfigurationPlatforms) = preSolution
		Ad-Hoc|Any CPU = Ad-Hoc|Any CPU
		Ad-Hoc|ARM = Ad-Hoc|ARM
		Ad-Hoc|iPhone = Ad-Hoc|iPhone
		Ad-Hoc|iPhoneSimulator = Ad-Hoc|iPhoneSimulator
		Ad-Hoc|x64 = Ad-Hoc|x64
		Ad-Hoc|x86 = Ad-Hoc|x86
		AppStore|Any CPU = AppStore|Any CPU
		AppStore|ARM = AppStore|ARM
		AppStore|iPhone = AppStore|iPhone
		AppStore|iPhoneSimulator = AppStore|iPhoneSimulator
		AppStore|x64 = AppStore|x64
		AppStore|x86 = AppStore|x86
		Debug|Any CPU = Debug|Any CPU
		Debug|ARM = Debug|ARM
		Debug|iPhone = Debug|iPhone
		Debug|iPhoneSimulator = Debug|iPhoneSimulator
		Debug|x64 = Debug|x64
		Debug|x86 = Debug|x86
		Release|Any CPU = Release|Any CPU
		Release|ARM = Release|ARM
		Release|iPhone = Release|iPhone
		Release|iPhoneSimulator = Release|iPhoneSimulator
		Release|x64 = Release|x64
		Release|x86 = Release|x86
	EndGlobalSection
	GlobalSection(ProjectConfigurationPlatforms) = postSolution
		{9DC8CF78-90FF-4DF6-B879-E47B1428244F}.Ad-Hoc|Any CPU.ActiveCfg = Release|Any CPU
		{9DC8CF78-90FF-4DF6-B879-E47B1428244F}.Ad-Hoc|Any CPU.Build.0 = Release|Any CPU
		{9DC8CF78-90FF-4DF6-B879-E47B1428244F}.Ad-Hoc|Any CPU.Deploy.0 = Release|Any CPU
		{9DC8CF78-90FF-4DF6-B879-E47B1428244F}.Ad-Hoc|ARM.ActiveCfg = Release|Any CPU
		{9DC8CF78-90FF-4DF6-B879-E47B1428244F}.Ad-Hoc|ARM.Build.0 = Release|Any CPU
		{9DC8CF78-90FF-4DF6-B879-E47B1428244F}.Ad-Hoc|ARM.Deploy.0 = Release|Any CPU
		{9DC8CF78-90FF-4DF6-B879-E47B1428244F}.Ad-Hoc|iPhone.ActiveCfg = Release|Any CPU
		{9DC8CF78-90FF-4DF6-B879-E47B1428244F}.Ad-Hoc|iPhone.Build.0 = Release|Any CPU
		{9DC8CF78-90FF-4DF6-B879-E47B1428244F}.Ad-Hoc|iPhone.Deploy.0 = Release|Any CPU
		{9DC8CF78-90FF-4DF6-B879-E47B1428244F}.Ad-Hoc|iPhoneSimulator.ActiveCfg = Release|Any CPU
		{9DC8CF78-90FF-4DF6-B879-E47B1428244F}.Ad-Hoc|iPhoneSimulator.Build.0 = Release|Any CPU
		{9DC8CF78-90FF-4DF6-B879-E47B1428244F}.Ad-Hoc|iPhoneSimulator.Deploy.0 = Release|Any CPU
		{9DC8CF78-90FF-4DF6-B879-E47B1428244F}.Ad-Hoc|x64.ActiveCfg = Release|Any CPU
		{9DC8CF78-90FF-4DF6-B879-E47B1428244F}.Ad-Hoc|x64.Build.0 = Release|Any CPU
		{9DC8CF78-90FF-4DF6-B879-E47B1428244F}.Ad-Hoc|x64.Deploy.0 = Release|Any CPU
		{9DC8CF78-90FF-4DF6-B879-E47B1428244F}.Ad-Hoc|x86.ActiveCfg = Release|Any CPU
		{9DC8CF78-90FF-4DF6-B879-E47B1428244F}.Ad-Hoc|x86.Build.0 = Release|Any CPU
		{9DC8CF78-90FF-4DF6-B879-E47B1428244F}.Ad-Hoc|x86.Deploy.0 = Release|Any CPU
		{9DC8CF78-90FF-4DF6-B879-E47B1428244F}.AppStore|Any CPU.ActiveCfg = Release|Any CPU
		{9DC8CF78-90FF-4DF6-B879-E47B1428244F}.AppStore|Any CPU.Build.0 = Release|Any CPU
		{9DC8CF78-90FF-4DF6-B879-E47B1428244F}.AppStore|Any CPU.Deploy.0 = Release|Any CPU
		{9DC8CF78-90FF-4DF6-B879-E47B1428244F}.AppStore|ARM.ActiveCfg = Release|Any CPU
		{9DC8CF78-90FF-4DF6-B879-E47B1428244F}.AppStore|ARM.Build.0 = Release|Any CPU
		{9DC8CF78-90FF-4DF6-B879-E47B1428244F}.AppStore|ARM.Deploy.0 = Release|Any CPU
		{9DC8CF78-90FF-4DF6-B879-E47B1428244F}.AppStore|iPhone.ActiveCfg = Release|Any CPU
		{9DC8CF78-90FF-4DF6-B879-E47B1428244F}.AppStore|iPhone.Build.0 = Release|Any CPU
		{9DC8CF78-90FF-4DF6-B879-E47B1428244F}.AppStore|iPhone.Deploy.0 = Release|Any CPU
		{9DC8CF78-90FF-4DF6-B879-E47B1428244F}.AppStore|iPhoneSimulator.ActiveCfg = Release|Any CPU
		{9DC8CF78-90FF-4DF6-B879-E47B1428244F}.AppStore|iPhoneSimulator.Build.0 = Release|Any CPU
		{9DC8CF78-90FF-4DF6-B879-E47B1428244F}.AppStore|iPhoneSimulator.Deploy.0 = Release|Any CPU
		{9DC8CF78-90FF-4DF6-B879-E47B1428244F}.AppStore|x64.ActiveCfg = Release|Any CPU
		{9DC8CF78-90FF-4DF6-B879-E47B1428244F}.AppStore|x64.Build.0 = Release|Any CPU
		{9DC8CF78-90FF-4DF6-B879-E47B1428244F}.AppStore|x64.Deploy.0 = Release|Any CPU
		{9DC8CF78-90FF-4DF6-B879-E47B1428244F}.AppStore|x86.ActiveCfg = Release|Any CPU
		{9DC8CF78-90FF-4DF6-B879-E47B1428244F}.AppStore|x86.Build.0 = Release|Any CPU
		{9DC8CF78-90FF-4DF6-B879-E47B1428244F}.AppStore|x86.Deploy.0 = Release|Any CPU
		{9DC8CF78-90FF-4DF6-B879-E47B1428244F}.Debug|Any CPU.ActiveCfg = Debug|Any CPU
		{9DC8CF78-90FF-4DF6-B879-E47B1428244F}.Debug|Any CPU.Build.0 = Debug|Any CPU
		{9DC8CF78-90FF-4DF6-B879-E47B1428244F}.Debug|Any CPU.Deploy.0 = Debug|Any CPU
		{9DC8CF78-90FF-4DF6-B879-E47B1428244F}.Debug|ARM.ActiveCfg = Debug|Any CPU
		{9DC8CF78-90FF-4DF6-B879-E47B1428244F}.Debug|ARM.Build.0 = Debug|Any CPU
		{9DC8CF78-90FF-4DF6-B879-E47B1428244F}.Debug|ARM.Deploy.0 = Debug|Any CPU
		{9DC8CF78-90FF-4DF6-B879-E47B1428244F}.Debug|iPhone.ActiveCfg = Debug|Any CPU
		{9DC8CF78-90FF-4DF6-B879-E47B1428244F}.Debug|iPhone.Build.0 = Debug|Any CPU
		{9DC8CF78-90FF-4DF6-B879-E47B1428244F}.Debug|iPhone.Deploy.0 = Debug|Any CPU
		{9DC8CF78-90FF-4DF6-B879-E47B1428244F}.Debug|iPhoneSimulator.ActiveCfg = Debug|Any CPU
		{9DC8CF78-90FF-4DF6-B879-E47B1428244F}.Debug|x64.ActiveCfg = Debug|Any CPU
		{9DC8CF78-90FF-4DF6-B879-E47B1428244F}.Debug|x64.Build.0 = Debug|Any CPU
		{9DC8CF78-90FF-4DF6-B879-E47B1428244F}.Debug|x64.Deploy.0 = Debug|Any CPU
		{9DC8CF78-90FF-4DF6-B879-E47B1428244F}.Debug|x86.ActiveCfg = Debug|Any CPU
		{9DC8CF78-90FF-4DF6-B879-E47B1428244F}.Debug|x86.Build.0 = Debug|Any CPU
		{9DC8CF78-90FF-4DF6-B879-E47B1428244F}.Debug|x86.Deploy.0 = Debug|Any CPU
		{9DC8CF78-90FF-4DF6-B879-E47B1428244F}.Release|Any CPU.ActiveCfg = Release|Any CPU
		{9DC8CF78-90FF-4DF6-B879-E47B1428244F}.Release|Any CPU.Build.0 = Release|Any CPU
		{9DC8CF78-90FF-4DF6-B879-E47B1428244F}.Release|Any CPU.Deploy.0 = Release|Any CPU
		{9DC8CF78-90FF-4DF6-B879-E47B1428244F}.Release|ARM.ActiveCfg = Release|Any CPU
		{9DC8CF78-90FF-4DF6-B879-E47B1428244F}.Release|ARM.Build.0 = Release|Any CPU
		{9DC8CF78-90FF-4DF6-B879-E47B1428244F}.Release|ARM.Deploy.0 = Release|Any CPU
		{9DC8CF78-90FF-4DF6-B879-E47B1428244F}.Release|iPhone.ActiveCfg = Release|Any CPU
		{9DC8CF78-90FF-4DF6-B879-E47B1428244F}.Release|iPhone.Build.0 = Release|Any CPU
		{9DC8CF78-90FF-4DF6-B879-E47B1428244F}.Release|iPhone.Deploy.0 = Release|Any CPU
		{9DC8CF78-90FF-4DF6-B879-E47B1428244F}.Release|iPhoneSimulator.ActiveCfg = Release|Any CPU
		{9DC8CF78-90FF-4DF6-B879-E47B1428244F}.Release|iPhoneSimulator.Build.0 = Release|Any CPU
		{9DC8CF78-90FF-4DF6-B879-E47B1428244F}.Release|iPhoneSimulator.Deploy.0 = Release|Any CPU
		{9DC8CF78-90FF-4DF6-B879-E47B1428244F}.Release|x64.ActiveCfg = Release|Any CPU
		{9DC8CF78-90FF-4DF6-B879-E47B1428244F}.Release|x64.Build.0 = Release|Any CPU
		{9DC8CF78-90FF-4DF6-B879-E47B1428244F}.Release|x64.Deploy.0 = Release|Any CPU
		{9DC8CF78-90FF-4DF6-B879-E47B1428244F}.Release|x86.ActiveCfg = Release|Any CPU
		{9DC8CF78-90FF-4DF6-B879-E47B1428244F}.Release|x86.Build.0 = Release|Any CPU
		{9DC8CF78-90FF-4DF6-B879-E47B1428244F}.Release|x86.Deploy.0 = Release|Any CPU
		{FCE239B3-98C7-45B1-A584-BE3B2689F7C5}.Ad-Hoc|Any CPU.ActiveCfg = Ad-Hoc|iPhone
		{FCE239B3-98C7-45B1-A584-BE3B2689F7C5}.Ad-Hoc|ARM.ActiveCfg = Ad-Hoc|iPhone
		{FCE239B3-98C7-45B1-A584-BE3B2689F7C5}.Ad-Hoc|iPhone.ActiveCfg = Ad-Hoc|iPhone
		{FCE239B3-98C7-45B1-A584-BE3B2689F7C5}.Ad-Hoc|iPhone.Build.0 = Ad-Hoc|iPhone
		{FCE239B3-98C7-45B1-A584-BE3B2689F7C5}.Ad-Hoc|iPhoneSimulator.ActiveCfg = Ad-Hoc|iPhoneSimulator
		{FCE239B3-98C7-45B1-A584-BE3B2689F7C5}.Ad-Hoc|iPhoneSimulator.Build.0 = Ad-Hoc|iPhoneSimulator
		{FCE239B3-98C7-45B1-A584-BE3B2689F7C5}.Ad-Hoc|x64.ActiveCfg = Ad-Hoc|iPhone
		{FCE239B3-98C7-45B1-A584-BE3B2689F7C5}.Ad-Hoc|x86.ActiveCfg = Ad-Hoc|iPhone
		{FCE239B3-98C7-45B1-A584-BE3B2689F7C5}.AppStore|Any CPU.ActiveCfg = AppStore|iPhone
		{FCE239B3-98C7-45B1-A584-BE3B2689F7C5}.AppStore|ARM.ActiveCfg = AppStore|iPhone
		{FCE239B3-98C7-45B1-A584-BE3B2689F7C5}.AppStore|iPhone.ActiveCfg = AppStore|iPhone
		{FCE239B3-98C7-45B1-A584-BE3B2689F7C5}.AppStore|iPhone.Build.0 = AppStore|iPhone
		{FCE239B3-98C7-45B1-A584-BE3B2689F7C5}.AppStore|iPhoneSimulator.ActiveCfg = AppStore|iPhoneSimulator
		{FCE239B3-98C7-45B1-A584-BE3B2689F7C5}.AppStore|iPhoneSimulator.Build.0 = AppStore|iPhoneSimulator
		{FCE239B3-98C7-45B1-A584-BE3B2689F7C5}.AppStore|x64.ActiveCfg = AppStore|iPhone
		{FCE239B3-98C7-45B1-A584-BE3B2689F7C5}.AppStore|x86.ActiveCfg = AppStore|iPhone
		{FCE239B3-98C7-45B1-A584-BE3B2689F7C5}.Debug|Any CPU.ActiveCfg = Debug|iPhone
		{FCE239B3-98C7-45B1-A584-BE3B2689F7C5}.Debug|ARM.ActiveCfg = Debug|iPhone
		{FCE239B3-98C7-45B1-A584-BE3B2689F7C5}.Debug|iPhone.ActiveCfg = Debug|iPhone
		{FCE239B3-98C7-45B1-A584-BE3B2689F7C5}.Debug|iPhone.Build.0 = Debug|iPhone
		{FCE239B3-98C7-45B1-A584-BE3B2689F7C5}.Debug|iPhoneSimulator.ActiveCfg = Debug|iPhoneSimulator
		{FCE239B3-98C7-45B1-A584-BE3B2689F7C5}.Debug|iPhoneSimulator.Build.0 = Debug|iPhoneSimulator
		{FCE239B3-98C7-45B1-A584-BE3B2689F7C5}.Debug|x64.ActiveCfg = Debug|iPhone
		{FCE239B3-98C7-45B1-A584-BE3B2689F7C5}.Debug|x86.ActiveCfg = Debug|iPhone
		{FCE239B3-98C7-45B1-A584-BE3B2689F7C5}.Release|Any CPU.ActiveCfg = Release|iPhone
		{FCE239B3-98C7-45B1-A584-BE3B2689F7C5}.Release|ARM.ActiveCfg = Release|iPhone
		{FCE239B3-98C7-45B1-A584-BE3B2689F7C5}.Release|iPhone.ActiveCfg = Release|iPhone
		{FCE239B3-98C7-45B1-A584-BE3B2689F7C5}.Release|iPhone.Build.0 = Release|iPhone
		{FCE239B3-98C7-45B1-A584-BE3B2689F7C5}.Release|iPhoneSimulator.ActiveCfg = Release|iPhoneSimulator
		{FCE239B3-98C7-45B1-A584-BE3B2689F7C5}.Release|iPhoneSimulator.Build.0 = Release|iPhoneSimulator
		{FCE239B3-98C7-45B1-A584-BE3B2689F7C5}.Release|x64.ActiveCfg = Release|iPhone
		{FCE239B3-98C7-45B1-A584-BE3B2689F7C5}.Release|x86.ActiveCfg = Release|iPhone
		{331F1D9C-C0B2-42BF-B83E-A187561C0B2B}.Ad-Hoc|Any CPU.ActiveCfg = Release|x86
		{331F1D9C-C0B2-42BF-B83E-A187561C0B2B}.Ad-Hoc|Any CPU.Build.0 = Release|x86
		{331F1D9C-C0B2-42BF-B83E-A187561C0B2B}.Ad-Hoc|Any CPU.Deploy.0 = Release|x86
		{331F1D9C-C0B2-42BF-B83E-A187561C0B2B}.Ad-Hoc|ARM.ActiveCfg = Release|ARM
		{331F1D9C-C0B2-42BF-B83E-A187561C0B2B}.Ad-Hoc|ARM.Build.0 = Release|ARM
		{331F1D9C-C0B2-42BF-B83E-A187561C0B2B}.Ad-Hoc|ARM.Deploy.0 = Release|ARM
		{331F1D9C-C0B2-42BF-B83E-A187561C0B2B}.Ad-Hoc|iPhone.ActiveCfg = Release|x86
		{331F1D9C-C0B2-42BF-B83E-A187561C0B2B}.Ad-Hoc|iPhone.Build.0 = Release|x86
		{331F1D9C-C0B2-42BF-B83E-A187561C0B2B}.Ad-Hoc|iPhone.Deploy.0 = Release|x86
		{331F1D9C-C0B2-42BF-B83E-A187561C0B2B}.Ad-Hoc|iPhoneSimulator.ActiveCfg = Release|x86
		{331F1D9C-C0B2-42BF-B83E-A187561C0B2B}.Ad-Hoc|iPhoneSimulator.Build.0 = Release|x86
		{331F1D9C-C0B2-42BF-B83E-A187561C0B2B}.Ad-Hoc|iPhoneSimulator.Deploy.0 = Release|x86
		{331F1D9C-C0B2-42BF-B83E-A187561C0B2B}.Ad-Hoc|x64.ActiveCfg = Release|x64
		{331F1D9C-C0B2-42BF-B83E-A187561C0B2B}.Ad-Hoc|x64.Build.0 = Release|x64
		{331F1D9C-C0B2-42BF-B83E-A187561C0B2B}.Ad-Hoc|x64.Deploy.0 = Release|x64
		{331F1D9C-C0B2-42BF-B83E-A187561C0B2B}.Ad-Hoc|x86.ActiveCfg = Release|x86
		{331F1D9C-C0B2-42BF-B83E-A187561C0B2B}.Ad-Hoc|x86.Build.0 = Release|x86
		{331F1D9C-C0B2-42BF-B83E-A187561C0B2B}.Ad-Hoc|x86.Deploy.0 = Release|x86
		{331F1D9C-C0B2-42BF-B83E-A187561C0B2B}.AppStore|Any CPU.ActiveCfg = Release|x86
		{331F1D9C-C0B2-42BF-B83E-A187561C0B2B}.AppStore|Any CPU.Build.0 = Release|x86
		{331F1D9C-C0B2-42BF-B83E-A187561C0B2B}.AppStore|Any CPU.Deploy.0 = Release|x86
		{331F1D9C-C0B2-42BF-B83E-A187561C0B2B}.AppStore|ARM.ActiveCfg = Release|ARM
		{331F1D9C-C0B2-42BF-B83E-A187561C0B2B}.AppStore|ARM.Build.0 = Release|ARM
		{331F1D9C-C0B2-42BF-B83E-A187561C0B2B}.AppStore|ARM.Deploy.0 = Release|ARM
		{331F1D9C-C0B2-42BF-B83E-A187561C0B2B}.AppStore|iPhone.ActiveCfg = Release|x86
		{331F1D9C-C0B2-42BF-B83E-A187561C0B2B}.AppStore|iPhone.Build.0 = Release|x86
		{331F1D9C-C0B2-42BF-B83E-A187561C0B2B}.AppStore|iPhone.Deploy.0 = Release|x86
		{331F1D9C-C0B2-42BF-B83E-A187561C0B2B}.AppStore|iPhoneSimulator.ActiveCfg = Release|x86
		{331F1D9C-C0B2-42BF-B83E-A187561C0B2B}.AppStore|iPhoneSimulator.Build.0 = Release|x86
		{331F1D9C-C0B2-42BF-B83E-A187561C0B2B}.AppStore|iPhoneSimulator.Deploy.0 = Release|x86
		{331F1D9C-C0B2-42BF-B83E-A187561C0B2B}.AppStore|x64.ActiveCfg = Release|x64
		{331F1D9C-C0B2-42BF-B83E-A187561C0B2B}.AppStore|x64.Build.0 = Release|x64
		{331F1D9C-C0B2-42BF-B83E-A187561C0B2B}.AppStore|x64.Deploy.0 = Release|x64
		{331F1D9C-C0B2-42BF-B83E-A187561C0B2B}.AppStore|x86.ActiveCfg = Release|x86
		{331F1D9C-C0B2-42BF-B83E-A187561C0B2B}.AppStore|x86.Build.0 = Release|x86
		{331F1D9C-C0B2-42BF-B83E-A187561C0B2B}.AppStore|x86.Deploy.0 = Release|x86
		{331F1D9C-C0B2-42BF-B83E-A187561C0B2B}.Debug|Any CPU.ActiveCfg = Debug|x86
		{331F1D9C-C0B2-42BF-B83E-A187561C0B2B}.Debug|ARM.ActiveCfg = Debug|ARM
		{331F1D9C-C0B2-42BF-B83E-A187561C0B2B}.Debug|ARM.Build.0 = Debug|ARM
		{331F1D9C-C0B2-42BF-B83E-A187561C0B2B}.Debug|ARM.Deploy.0 = Debug|ARM
		{331F1D9C-C0B2-42BF-B83E-A187561C0B2B}.Debug|iPhone.ActiveCfg = Debug|x86
		{331F1D9C-C0B2-42BF-B83E-A187561C0B2B}.Debug|iPhoneSimulator.ActiveCfg = Debug|x86
		{331F1D9C-C0B2-42BF-B83E-A187561C0B2B}.Debug|x64.ActiveCfg = Debug|x64
		{331F1D9C-C0B2-42BF-B83E-A187561C0B2B}.Debug|x64.Build.0 = Debug|x64
		{331F1D9C-C0B2-42BF-B83E-A187561C0B2B}.Debug|x64.Deploy.0 = Debug|x64
		{331F1D9C-C0B2-42BF-B83E-A187561C0B2B}.Debug|x86.ActiveCfg = Debug|x86
		{331F1D9C-C0B2-42BF-B83E-A187561C0B2B}.Debug|x86.Build.0 = Debug|x86
		{331F1D9C-C0B2-42BF-B83E-A187561C0B2B}.Debug|x86.Deploy.0 = Debug|x86
		{331F1D9C-C0B2-42BF-B83E-A187561C0B2B}.Release|Any CPU.ActiveCfg = Release|x86
		{331F1D9C-C0B2-42BF-B83E-A187561C0B2B}.Release|ARM.ActiveCfg = Release|ARM
		{331F1D9C-C0B2-42BF-B83E-A187561C0B2B}.Release|ARM.Build.0 = Release|ARM
		{331F1D9C-C0B2-42BF-B83E-A187561C0B2B}.Release|ARM.Deploy.0 = Release|ARM
		{331F1D9C-C0B2-42BF-B83E-A187561C0B2B}.Release|iPhone.ActiveCfg = Release|x86
		{331F1D9C-C0B2-42BF-B83E-A187561C0B2B}.Release|iPhoneSimulator.ActiveCfg = Release|x86
		{331F1D9C-C0B2-42BF-B83E-A187561C0B2B}.Release|x64.ActiveCfg = Release|x64
		{331F1D9C-C0B2-42BF-B83E-A187561C0B2B}.Release|x64.Build.0 = Release|x64
		{331F1D9C-C0B2-42BF-B83E-A187561C0B2B}.Release|x64.Deploy.0 = Release|x64
		{331F1D9C-C0B2-42BF-B83E-A187561C0B2B}.Release|x86.ActiveCfg = Release|x86
		{331F1D9C-C0B2-42BF-B83E-A187561C0B2B}.Release|x86.Build.0 = Release|x86
		{331F1D9C-C0B2-42BF-B83E-A187561C0B2B}.Release|x86.Deploy.0 = Release|x86
	EndGlobalSection
	GlobalSection(SolutionProperties) = preSolution
		HideSolutionNode = FALSE
	EndGlobalSection
	GlobalSection(ExtensibilityGlobals) = postSolution
		SolutionGuid = {07990E3B-D9CA-451C-BFCB-001C79A05153}
	EndGlobalSection
EndGlobal
